// !$*UTF8*$!
{
	archiveVersion = 1;
	classes = {
	};
	objectVersion = 56;
	objects = {

/* Begin PBXBuildFile section */
		773E5ABE28DD701200EB5DE6 /* CDApod+CoreDataClass.swift in Sources */ = {isa = PBXBuildFile; fileRef = 773E5ABC28DD701200EB5DE6 /* CDApod+CoreDataClass.swift */; };
		773E5ABF28DD701200EB5DE6 /* CDApod+CoreDataProperties.swift in Sources */ = {isa = PBXBuildFile; fileRef = 773E5ABD28DD701200EB5DE6 /* CDApod+CoreDataProperties.swift */; };
		773E5AC228DD794D00EB5DE6 /* Extensions.swift in Sources */ = {isa = PBXBuildFile; fileRef = 773E5AC128DD794D00EB5DE6 /* Extensions.swift */; };
		773E5AC628DD91AD00EB5DE6 /* Spinner.swift in Sources */ = {isa = PBXBuildFile; fileRef = 773E5AC528DD91AD00EB5DE6 /* Spinner.swift */; };
		773E5ACA28DDED0B00EB5DE6 /* WebViewController.swift in Sources */ = {isa = PBXBuildFile; fileRef = 773E5AC928DDED0B00EB5DE6 /* WebViewController.swift */; };
		7762CB7A28DC5A1800FE9433 /* AppDelegate.swift in Sources */ = {isa = PBXBuildFile; fileRef = 7762CB7928DC5A1800FE9433 /* AppDelegate.swift */; };
		7762CB7E28DC5A1800FE9433 /* PictureViewController.swift in Sources */ = {isa = PBXBuildFile; fileRef = 7762CB7D28DC5A1800FE9433 /* PictureViewController.swift */; };
		7762CB8128DC5A1800FE9433 /* Main.storyboard in Resources */ = {isa = PBXBuildFile; fileRef = 7762CB7F28DC5A1800FE9433 /* Main.storyboard */; };
		7762CB8328DC5A1E00FE9433 /* Assets.xcassets in Resources */ = {isa = PBXBuildFile; fileRef = 7762CB8228DC5A1E00FE9433 /* Assets.xcassets */; };
		7762CB8628DC5A1E00FE9433 /* LaunchScreen.storyboard in Resources */ = {isa = PBXBuildFile; fileRef = 7762CB8428DC5A1E00FE9433 /* LaunchScreen.storyboard */; };
		7762CB8F28DC5AB100FE9433 /* APIService.swift in Sources */ = {isa = PBXBuildFile; fileRef = 7762CB8E28DC5AB100FE9433 /* APIService.swift */; };
		7762CB9228DC624C00FE9433 /* APODService.swift in Sources */ = {isa = PBXBuildFile; fileRef = 7762CB9128DC624C00FE9433 /* APODService.swift */; };
		7762CB9428DC8CB100FE9433 /* PersistentStorage.swift in Sources */ = {isa = PBXBuildFile; fileRef = 7762CB9328DC8CB100FE9433 /* PersistentStorage.swift */; };
		7762CB9728DC8EC100FE9433 /* NASA_APOD.xcdatamodeld in Sources */ = {isa = PBXBuildFile; fileRef = 7762CB9528DC8EC100FE9433 /* NASA_APOD.xcdatamodeld */; };
		7762CB9A28DC970A00FE9433 /* APODModel.swift in Sources */ = {isa = PBXBuildFile; fileRef = 7762CB9928DC970A00FE9433 /* APODModel.swift */; };
		7762CB9C28DC976600FE9433 /* Constants.swift in Sources */ = {isa = PBXBuildFile; fileRef = 7762CB9B28DC976600FE9433 /* Constants.swift */; };
		7762CB9E28DC9BB200FE9433 /* PictureViewModel.swift in Sources */ = {isa = PBXBuildFile; fileRef = 7762CB9D28DC9BB200FE9433 /* PictureViewModel.swift */; };
		7762CBA128DCA6AE00FE9433 /* DataRepository.swift in Sources */ = {isa = PBXBuildFile; fileRef = 7762CBA028DCA6AE00FE9433 /* DataRepository.swift */; };
		8DC1985728DD85B8000CBBB2 /* FavouritesViewController.swift in Sources */ = {isa = PBXBuildFile; fileRef = 8DC1985628DD85B8000CBBB2 /* FavouritesViewController.swift */; };
		8DC1985A28DDAFDF000CBBB2 /* DatePickerViewController.swift in Sources */ = {isa = PBXBuildFile; fileRef = 8DC1985928DDAFDF000CBBB2 /* DatePickerViewController.swift */; };
/* End PBXBuildFile section */

/* Begin PBXFileReference section */
		773E5ABC28DD701200EB5DE6 /* CDApod+CoreDataClass.swift */ = {isa = PBXFileReference; lastKnownFileType = sourcecode.swift; path = "CDApod+CoreDataClass.swift"; sourceTree = "<group>"; };
		773E5ABD28DD701200EB5DE6 /* CDApod+CoreDataProperties.swift */ = {isa = PBXFileReference; lastKnownFileType = sourcecode.swift; path = "CDApod+CoreDataProperties.swift"; sourceTree = "<group>"; };
		773E5AC128DD794D00EB5DE6 /* Extensions.swift */ = {isa = PBXFileReference; lastKnownFileType = sourcecode.swift; path = Extensions.swift; sourceTree = "<group>"; };
		773E5AC528DD91AD00EB5DE6 /* Spinner.swift */ = {isa = PBXFileReference; lastKnownFileType = sourcecode.swift; path = Spinner.swift; sourceTree = "<group>"; };
		773E5AC928DDED0B00EB5DE6 /* WebViewController.swift */ = {isa = PBXFileReference; lastKnownFileType = sourcecode.swift; path = WebViewController.swift; sourceTree = "<group>"; };
		7762CB7628DC5A1800FE9433 /* NASA_APOD.app */ = {isa = PBXFileReference; explicitFileType = wrapper.application; includeInIndex = 0; path = NASA_APOD.app; sourceTree = BUILT_PRODUCTS_DIR; };
		7762CB7928DC5A1800FE9433 /* AppDelegate.swift */ = {isa = PBXFileReference; lastKnownFileType = sourcecode.swift; path = AppDelegate.swift; sourceTree = "<group>"; };
		7762CB7D28DC5A1800FE9433 /* PictureViewController.swift */ = {isa = PBXFileReference; lastKnownFileType = sourcecode.swift; path = PictureViewController.swift; sourceTree = "<group>"; };
		7762CB8028DC5A1800FE9433 /* Base */ = {isa = PBXFileReference; lastKnownFileType = file.storyboard; name = Base; path = Base.lproj/Main.storyboard; sourceTree = "<group>"; };
		7762CB8228DC5A1E00FE9433 /* Assets.xcassets */ = {isa = PBXFileReference; lastKnownFileType = folder.assetcatalog; path = Assets.xcassets; sourceTree = "<group>"; };
		7762CB8528DC5A1E00FE9433 /* Base */ = {isa = PBXFileReference; lastKnownFileType = file.storyboard; name = Base; path = Base.lproj/LaunchScreen.storyboard; sourceTree = "<group>"; };
		7762CB8728DC5A1E00FE9433 /* Info.plist */ = {isa = PBXFileReference; lastKnownFileType = text.plist.xml; path = Info.plist; sourceTree = "<group>"; };
		7762CB8E28DC5AB100FE9433 /* APIService.swift */ = {isa = PBXFileReference; lastKnownFileType = sourcecode.swift; path = APIService.swift; sourceTree = "<group>"; };
		7762CB9128DC624C00FE9433 /* APODService.swift */ = {isa = PBXFileReference; lastKnownFileType = sourcecode.swift; path = APODService.swift; sourceTree = "<group>"; };
		7762CB9328DC8CB100FE9433 /* PersistentStorage.swift */ = {isa = PBXFileReference; fileEncoding = 4; lastKnownFileType = sourcecode.swift; path = PersistentStorage.swift; sourceTree = "<group>"; };
		7762CB9628DC8EC100FE9433 /* NASA_APOD.xcdatamodel */ = {isa = PBXFileReference; lastKnownFileType = wrapper.xcdatamodel; path = NASA_APOD.xcdatamodel; sourceTree = "<group>"; };
		7762CB9928DC970A00FE9433 /* APODModel.swift */ = {isa = PBXFileReference; lastKnownFileType = sourcecode.swift; path = APODModel.swift; sourceTree = "<group>"; };
		7762CB9B28DC976600FE9433 /* Constants.swift */ = {isa = PBXFileReference; lastKnownFileType = sourcecode.swift; path = Constants.swift; sourceTree = "<group>"; };
		7762CB9D28DC9BB200FE9433 /* PictureViewModel.swift */ = {isa = PBXFileReference; lastKnownFileType = sourcecode.swift; path = PictureViewModel.swift; sourceTree = "<group>"; };
		7762CBA028DCA6AE00FE9433 /* DataRepository.swift */ = {isa = PBXFileReference; lastKnownFileType = sourcecode.swift; path = DataRepository.swift; sourceTree = "<group>"; };
		8DC1985628DD85B8000CBBB2 /* FavouritesViewController.swift */ = {isa = PBXFileReference; lastKnownFileType = sourcecode.swift; path = FavouritesViewController.swift; sourceTree = "<group>"; };
		8DC1985928DDAFDF000CBBB2 /* DatePickerViewController.swift */ = {isa = PBXFileReference; lastKnownFileType = sourcecode.swift; path = DatePickerViewController.swift; sourceTree = "<group>"; };
/* End PBXFileReference section */

/* Begin PBXFrameworksBuildPhase section */
		7762CB7328DC5A1700FE9433 /* Frameworks */ = {
			isa = PBXFrameworksBuildPhase;
			buildActionMask = 2147483647;
			files = (
			);
			runOnlyForDeploymentPostprocessing = 0;
		};
/* End PBXFrameworksBuildPhase section */

/* Begin PBXGroup section */
		773E5AB728DD6DE600EB5DE6 /* CoreDataModel */ = {
			isa = PBXGroup;
			children = (
				773E5ABC28DD701200EB5DE6 /* CDApod+CoreDataClass.swift */,
				773E5ABD28DD701200EB5DE6 /* CDApod+CoreDataProperties.swift */,
			);
			path = CoreDataModel;
			sourceTree = "<group>";
		};
		773E5AC728DDC1A100EB5DE6 /* ViewModel */ = {
			isa = PBXGroup;
			children = (
				7762CB9D28DC9BB200FE9433 /* PictureViewModel.swift */,
			);
			path = ViewModel;
			sourceTree = "<group>";
		};
		773E5AC828DDCE7300EB5DE6 /* Views */ = {
			isa = PBXGroup;
			children = (
				7762CB7D28DC5A1800FE9433 /* PictureViewController.swift */,
				8DC1985628DD85B8000CBBB2 /* FavouritesViewController.swift */,
				8DC1985928DDAFDF000CBBB2 /* DatePickerViewController.swift */,
				773E5AC928DDED0B00EB5DE6 /* WebViewController.swift */,
			);
			path = Views;
			sourceTree = "<group>";
		};
		7762CB6D28DC5A1700FE9433 = {
			isa = PBXGroup;
			children = (
				7762CB7828DC5A1800FE9433 /* NASA_APOD */,
				7762CB7728DC5A1800FE9433 /* Products */,
			);
			sourceTree = "<group>";
		};
		7762CB7728DC5A1800FE9433 /* Products */ = {
			isa = PBXGroup;
			children = (
				7762CB7628DC5A1800FE9433 /* NASA_APOD.app */,
			);
			name = Products;
			sourceTree = "<group>";
		};
		7762CB7828DC5A1800FE9433 /* NASA_APOD */ = {
			isa = PBXGroup;
			children = (
				7762CB7928DC5A1800FE9433 /* AppDelegate.swift */,
				773E5AC828DDCE7300EB5DE6 /* Views */,
				773E5AC728DDC1A100EB5DE6 /* ViewModel */,
				7762CB9F28DCA69300FE9433 /* Repository */,
				7762CB9828DC96EC00FE9433 /* Model */,
				7762CB9028DC622F00FE9433 /* API */,
				7762CB8D28DC5A9800FE9433 /* Utilities */,
				7762CB7F28DC5A1800FE9433 /* Main.storyboard */,
				7762CB8228DC5A1E00FE9433 /* Assets.xcassets */,
				7762CB8428DC5A1E00FE9433 /* LaunchScreen.storyboard */,
				7762CB8728DC5A1E00FE9433 /* Info.plist */,
				7762CB9528DC8EC100FE9433 /* NASA_APOD.xcdatamodeld */,
			);
			path = NASA_APOD;
			sourceTree = "<group>";
		};
		7762CB8D28DC5A9800FE9433 /* Utilities */ = {
			isa = PBXGroup;
			children = (
				7762CB8E28DC5AB100FE9433 /* APIService.swift */,
				7762CB9328DC8CB100FE9433 /* PersistentStorage.swift */,
				7762CB9B28DC976600FE9433 /* Constants.swift */,
				773E5AC128DD794D00EB5DE6 /* Extensions.swift */,
				773E5AC528DD91AD00EB5DE6 /* Spinner.swift */,
			);
			path = Utilities;
			sourceTree = "<group>";
		};
		7762CB9028DC622F00FE9433 /* API */ = {
			isa = PBXGroup;
			children = (
				7762CB9128DC624C00FE9433 /* APODService.swift */,
			);
			path = API;
			sourceTree = "<group>";
		};
		7762CB9828DC96EC00FE9433 /* Model */ = {
			isa = PBXGroup;
			children = (
				7762CB9928DC970A00FE9433 /* APODModel.swift */,
				773E5AB728DD6DE600EB5DE6 /* CoreDataModel */,
			);
			path = Model;
			sourceTree = "<group>";
		};
		7762CB9F28DCA69300FE9433 /* Repository */ = {
			isa = PBXGroup;
			children = (
				7762CBA028DCA6AE00FE9433 /* DataRepository.swift */,
			);
			path = Repository;
			sourceTree = "<group>";
		};
/* End PBXGroup section */

/* Begin PBXNativeTarget section */
		7762CB7528DC5A1700FE9433 /* NASA_APOD */ = {
			isa = PBXNativeTarget;
			buildConfigurationList = 7762CB8A28DC5A1E00FE9433 /* Build configuration list for PBXNativeTarget "NASA_APOD" */;
			buildPhases = (
				7762CB7228DC5A1700FE9433 /* Sources */,
				7762CB7328DC5A1700FE9433 /* Frameworks */,
				7762CB7428DC5A1700FE9433 /* Resources */,
			);
			buildRules = (
			);
			dependencies = (
			);
			name = NASA_APOD;
			productName = NASA_APOD;
			productReference = 7762CB7628DC5A1800FE9433 /* NASA_APOD.app */;
			productType = "com.apple.product-type.application";
		};
/* End PBXNativeTarget section */

/* Begin PBXProject section */
		7762CB6E28DC5A1700FE9433 /* Project object */ = {
			isa = PBXProject;
			attributes = {
				BuildIndependentTargetsInParallel = 1;
				LastSwiftUpdateCheck = 1400;
				LastUpgradeCheck = 1400;
				TargetAttributes = {
					7762CB7528DC5A1700FE9433 = {
						CreatedOnToolsVersion = 14.0;
					};
				};
			};
			buildConfigurationList = 7762CB7128DC5A1700FE9433 /* Build configuration list for PBXProject "NASA_APOD" */;
			compatibilityVersion = "Xcode 14.0";
			developmentRegion = en;
			hasScannedForEncodings = 0;
			knownRegions = (
				en,
				Base,
			);
			mainGroup = 7762CB6D28DC5A1700FE9433;
			productRefGroup = 7762CB7728DC5A1800FE9433 /* Products */;
			projectDirPath = "";
			projectRoot = "";
			targets = (
				7762CB7528DC5A1700FE9433 /* NASA_APOD */,
			);
		};
/* End PBXProject section */

/* Begin PBXResourcesBuildPhase section */
		7762CB7428DC5A1700FE9433 /* Resources */ = {
			isa = PBXResourcesBuildPhase;
			buildActionMask = 2147483647;
			files = (
				7762CB8628DC5A1E00FE9433 /* LaunchScreen.storyboard in Resources */,
				7762CB8328DC5A1E00FE9433 /* Assets.xcassets in Resources */,
				7762CB8128DC5A1800FE9433 /* Main.storyboard in Resources */,
			);
			runOnlyForDeploymentPostprocessing = 0;
		};
/* End PBXResourcesBuildPhase section */

/* Begin PBXSourcesBuildPhase section */
		7762CB7228DC5A1700FE9433 /* Sources */ = {
			isa = PBXSourcesBuildPhase;
			buildActionMask = 2147483647;
			files = (
				8DC1985728DD85B8000CBBB2 /* FavouritesViewController.swift in Sources */,
				8DC1985A28DDAFDF000CBBB2 /* DatePickerViewController.swift in Sources */,
				7762CB9428DC8CB100FE9433 /* PersistentStorage.swift in Sources */,
				7762CB9728DC8EC100FE9433 /* NASA_APOD.xcdatamodeld in Sources */,
				7762CBA128DCA6AE00FE9433 /* DataRepository.swift in Sources */,
				7762CB9E28DC9BB200FE9433 /* PictureViewModel.swift in Sources */,
				7762CB7E28DC5A1800FE9433 /* PictureViewController.swift in Sources */,
				773E5ABF28DD701200EB5DE6 /* CDApod+CoreDataProperties.swift in Sources */,
				773E5AC628DD91AD00EB5DE6 /* Spinner.swift in Sources */,
				7762CB7A28DC5A1800FE9433 /* AppDelegate.swift in Sources */,
				7762CB9228DC624C00FE9433 /* APODService.swift in Sources */,
				7762CB8F28DC5AB100FE9433 /* APIService.swift in Sources */,
				773E5ACA28DDED0B00EB5DE6 /* WebViewController.swift in Sources */,
				773E5ABE28DD701200EB5DE6 /* CDApod+CoreDataClass.swift in Sources */,
				7762CB9A28DC970A00FE9433 /* APODModel.swift in Sources */,
				7762CB9C28DC976600FE9433 /* Constants.swift in Sources */,
				773E5AC228DD794D00EB5DE6 /* Extensions.swift in Sources */,
			);
			runOnlyForDeploymentPostprocessing = 0;
		};
/* End PBXSourcesBuildPhase section */

/* Begin PBXVariantGroup section */
		7762CB7F28DC5A1800FE9433 /* Main.storyboard */ = {
			isa = PBXVariantGroup;
			children = (
				7762CB8028DC5A1800FE9433 /* Base */,
			);
			name = Main.storyboard;
			sourceTree = "<group>";
		};
		7762CB8428DC5A1E00FE9433 /* LaunchScreen.storyboard */ = {
			isa = PBXVariantGroup;
			children = (
				7762CB8528DC5A1E00FE9433 /* Base */,
			);
			name = LaunchScreen.storyboard;
			sourceTree = "<group>";
		};
/* End PBXVariantGroup section */

/* Begin XCBuildConfiguration section */
		7762CB8828DC5A1E00FE9433 /* Debug */ = {
			isa = XCBuildConfiguration;
			buildSettings = {
				ALWAYS_SEARCH_USER_PATHS = NO;
				CLANG_ANALYZER_NONNULL = YES;
				CLANG_ANALYZER_NUMBER_OBJECT_CONVERSION = YES_AGGRESSIVE;
				CLANG_CXX_LANGUAGE_STANDARD = "gnu++20";
				CLANG_ENABLE_MODULES = YES;
				CLANG_ENABLE_OBJC_ARC = YES;
				CLANG_ENABLE_OBJC_WEAK = YES;
				CLANG_WARN_BLOCK_CAPTURE_AUTORELEASING = YES;
				CLANG_WARN_BOOL_CONVERSION = YES;
				CLANG_WARN_COMMA = YES;
				CLANG_WARN_CONSTANT_CONVERSION = YES;
				CLANG_WARN_DEPRECATED_OBJC_IMPLEMENTATIONS = YES;
				CLANG_WARN_DIRECT_OBJC_ISA_USAGE = YES_ERROR;
				CLANG_WARN_DOCUMENTATION_COMMENTS = YES;
				CLANG_WARN_EMPTY_BODY = YES;
				CLANG_WARN_ENUM_CONVERSION = YES;
				CLANG_WARN_INFINITE_RECURSION = YES;
				CLANG_WARN_INT_CONVERSION = YES;
				CLANG_WARN_NON_LITERAL_NULL_CONVERSION = YES;
				CLANG_WARN_OBJC_IMPLICIT_RETAIN_SELF = YES;
				CLANG_WARN_OBJC_LITERAL_CONVERSION = YES;
				CLANG_WARN_OBJC_ROOT_CLASS = YES_ERROR;
				CLANG_WARN_QUOTED_INCLUDE_IN_FRAMEWORK_HEADER = YES;
				CLANG_WARN_RANGE_LOOP_ANALYSIS = YES;
				CLANG_WARN_STRICT_PROTOTYPES = YES;
				CLANG_WARN_SUSPICIOUS_MOVE = YES;
				CLANG_WARN_UNGUARDED_AVAILABILITY = YES_AGGRESSIVE;
				CLANG_WARN_UNREACHABLE_CODE = YES;
				CLANG_WARN__DUPLICATE_METHOD_MATCH = YES;
				COPY_PHASE_STRIP = NO;
				DEBUG_INFORMATION_FORMAT = dwarf;
				ENABLE_STRICT_OBJC_MSGSEND = YES;
				ENABLE_TESTABILITY = YES;
				GCC_C_LANGUAGE_STANDARD = gnu11;
				GCC_DYNAMIC_NO_PIC = NO;
				GCC_NO_COMMON_BLOCKS = YES;
				GCC_OPTIMIZATION_LEVEL = 0;
				GCC_PREPROCESSOR_DEFINITIONS = (
					"DEBUG=1",
					"$(inherited)",
				);
				GCC_WARN_64_TO_32_BIT_CONVERSION = YES;
				GCC_WARN_ABOUT_RETURN_TYPE = YES_ERROR;
				GCC_WARN_UNDECLARED_SELECTOR = YES;
				GCC_WARN_UNINITIALIZED_AUTOS = YES_AGGRESSIVE;
				GCC_WARN_UNUSED_FUNCTION = YES;
				GCC_WARN_UNUSED_VARIABLE = YES;
				IPHONEOS_DEPLOYMENT_TARGET = 16.0;
				MTL_ENABLE_DEBUG_INFO = INCLUDE_SOURCE;
				MTL_FAST_MATH = YES;
				ONLY_ACTIVE_ARCH = YES;
				SDKROOT = iphoneos;
				SWIFT_ACTIVE_COMPILATION_CONDITIONS = DEBUG;
				SWIFT_OPTIMIZATION_LEVEL = "-Onone";
			};
			name = Debug;
		};
		7762CB8928DC5A1E00FE9433 /* Release */ = {
			isa = XCBuildConfiguration;
			buildSettings = {
				ALWAYS_SEARCH_USER_PATHS = NO;
				CLANG_ANALYZER_NONNULL = YES;
				CLANG_ANALYZER_NUMBER_OBJECT_CONVERSION = YES_AGGRESSIVE;
				CLANG_CXX_LANGUAGE_STANDARD = "gnu++20";
				CLANG_ENABLE_MODULES = YES;
				CLANG_ENABLE_OBJC_ARC = YES;
				CLANG_ENABLE_OBJC_WEAK = YES;
				CLANG_WARN_BLOCK_CAPTURE_AUTORELEASING = YES;
				CLANG_WARN_BOOL_CONVERSION = YES;
				CLANG_WARN_COMMA = YES;
				CLANG_WARN_CONSTANT_CONVERSION = YES;
				CLANG_WARN_DEPRECATED_OBJC_IMPLEMENTATIONS = YES;
				CLANG_WARN_DIRECT_OBJC_ISA_USAGE = YES_ERROR;
				CLANG_WARN_DOCUMENTATION_COMMENTS = YES;
				CLANG_WARN_EMPTY_BODY = YES;
				CLANG_WARN_ENUM_CONVERSION = YES;
				CLANG_WARN_INFINITE_RECURSION = YES;
				CLANG_WARN_INT_CONVERSION = YES;
				CLANG_WARN_NON_LITERAL_NULL_CONVERSION = YES;
				CLANG_WARN_OBJC_IMPLICIT_RETAIN_SELF = YES;
				CLANG_WARN_OBJC_LITERAL_CONVERSION = YES;
				CLANG_WARN_OBJC_ROOT_CLASS = YES_ERROR;
				CLANG_WARN_QUOTED_INCLUDE_IN_FRAMEWORK_HEADER = YES;
				CLANG_WARN_RANGE_LOOP_ANALYSIS = YES;
				CLANG_WARN_STRICT_PROTOTYPES = YES;
				CLANG_WARN_SUSPICIOUS_MOVE = YES;
				CLANG_WARN_UNGUARDED_AVAILABILITY = YES_AGGRESSIVE;
				CLANG_WARN_UNREACHABLE_CODE = YES;
				CLANG_WARN__DUPLICATE_METHOD_MATCH = YES;
				COPY_PHASE_STRIP = NO;
				DEBUG_INFORMATION_FORMAT = "dwarf-with-dsym";
				ENABLE_NS_ASSERTIONS = NO;
				ENABLE_STRICT_OBJC_MSGSEND = YES;
				GCC_C_LANGUAGE_STANDARD = gnu11;
				GCC_NO_COMMON_BLOCKS = YES;
				GCC_WARN_64_TO_32_BIT_CONVERSION = YES;
				GCC_WARN_ABOUT_RETURN_TYPE = YES_ERROR;
				GCC_WARN_UNDECLARED_SELECTOR = YES;
				GCC_WARN_UNINITIALIZED_AUTOS = YES_AGGRESSIVE;
				GCC_WARN_UNUSED_FUNCTION = YES;
				GCC_WARN_UNUSED_VARIABLE = YES;
				IPHONEOS_DEPLOYMENT_TARGET = 16.0;
				MTL_ENABLE_DEBUG_INFO = NO;
				MTL_FAST_MATH = YES;
				SDKROOT = iphoneos;
				SWIFT_COMPILATION_MODE = wholemodule;
				SWIFT_OPTIMIZATION_LEVEL = "-O";
				VALIDATE_PRODUCT = YES;
			};
			name = Release;
		};
		7762CB8B28DC5A1E00FE9433 /* Debug */ = {
			isa = XCBuildConfiguration;
			buildSettings = {
				ASSETCATALOG_COMPILER_APPICON_NAME = AppIcon;
				ASSETCATALOG_COMPILER_GLOBAL_ACCENT_COLOR_NAME = AccentColor;
				CODE_SIGN_STYLE = Automatic;
				CURRENT_PROJECT_VERSION = 1;
				DEVELOPMENT_TEAM = KG9A6VF22Q;
				GENERATE_INFOPLIST_FILE = YES;
				INFOPLIST_FILE = NASA_APOD/Info.plist;
				INFOPLIST_KEY_UIApplicationSupportsIndirectInputEvents = YES;
				INFOPLIST_KEY_UILaunchStoryboardName = LaunchScreen;
				INFOPLIST_KEY_UIMainStoryboardFile = Main;
				INFOPLIST_KEY_UISupportedInterfaceOrientations_iPad = "UIInterfaceOrientationPortrait UIInterfaceOrientationPortraitUpsideDown UIInterfaceOrientationLandscapeLeft UIInterfaceOrientationLandscapeRight";
				INFOPLIST_KEY_UISupportedInterfaceOrientations_iPhone = "UIInterfaceOrientationPortrait UIInterfaceOrientationLandscapeLeft UIInterfaceOrientationLandscapeRight";
				IPHONEOS_DEPLOYMENT_TARGET = 13.0;
				LD_RUNPATH_SEARCH_PATHS = (
					"$(inherited)",
					"@executable_path/Frameworks",
				);
				MARKETING_VERSION = 1.0;
				PRODUCT_BUNDLE_IDENTIFIER = "com.logicloop.NASA-APOD";
				PRODUCT_NAME = "$(TARGET_NAME)";
				SWIFT_EMIT_LOC_STRINGS = YES;
				SWIFT_VERSION = 5.0;
				TARGETED_DEVICE_FAMILY = "1,2";
			};
			name = Debug;
		};
		7762CB8C28DC5A1E00FE9433 /* Release */ = {
			isa = XCBuildConfiguration;
			buildSettings = {
				ASSETCATALOG_COMPILER_APPICON_NAME = AppIcon;
				ASSETCATALOG_COMPILER_GLOBAL_ACCENT_COLOR_NAME = AccentColor;
				CODE_SIGN_STYLE = Automatic;
				CURRENT_PROJECT_VERSION = 1;
				DEVELOPMENT_TEAM = KG9A6VF22Q;
				GENERATE_INFOPLIST_FILE = YES;
				INFOPLIST_FILE = NASA_APOD/Info.plist;
				INFOPLIST_KEY_UIApplicationSupportsIndirectInputEvents = YES;
				INFOPLIST_KEY_UILaunchStoryboardName = LaunchScreen;
				INFOPLIST_KEY_UIMainStoryboardFile = Main;
				INFOPLIST_KEY_UISupportedInterfaceOrientations_iPad = "UIInterfaceOrientationPortrait UIInterfaceOrientationPortraitUpsideDown UIInterfaceOrientationLandscapeLeft UIInterfaceOrientationLandscapeRight";
				INFOPLIST_KEY_UISupportedInterfaceOrientations_iPhone = "UIInterfaceOrientationPortrait UIInterfaceOrientationLandscapeLeft UIInterfaceOrientationLandscapeRight";
				IPHONEOS_DEPLOYMENT_TARGET = 13.0;
				LD_RUNPATH_SEARCH_PATHS = (
					"$(inherited)",
					"@executable_path/Frameworks",
				);
				MARKETING_VERSION = 1.0;
				PRODUCT_BUNDLE_IDENTIFIER = "com.logicloop.NASA-APOD";
				PRODUCT_NAME = "$(TARGET_NAME)";
				SWIFT_EMIT_LOC_STRINGS = YES;
				SWIFT_VERSION = 5.0;
				TARGETED_DEVICE_FAMILY = "1,2";
			};
			name = Release;
		};
/* End XCBuildConfiguration section */

/* Begin XCConfigurationList section */
		7762CB7128DC5A1700FE9433 /* Build configuration list for PBXProject "NASA_APOD" */ = {
			isa = XCConfigurationList;
			buildConfigurations = (
				7762CB8828DC5A1E00FE9433 /* Debug */,
				7762CB8928DC5A1E00FE9433 /* Release */,
			);
			defaultConfigurationIsVisible = 0;
			defaultConfigurationName = Release;
		};
		7762CB8A28DC5A1E00FE9433 /* Build configuration list for PBXNativeTarget "NASA_APOD" */ = {
			isa = XCConfigurationList;
			buildConfigurations = (
				7762CB8B28DC5A1E00FE9433 /* Debug */,
				7762CB8C28DC5A1E00FE9433 /* Release */,
			);
			defaultConfigurationIsVisible = 0;
			defaultConfigurationName = Release;
		};
/* End XCConfigurationList section */

/* Begin XCVersionGroup section */
		7762CB9528DC8EC100FE9433 /* NASA_APOD.xcdatamodeld */ = {
			isa = XCVersionGroup;
			children = (
				7762CB9628DC8EC100FE9433 /* NASA_APOD.xcdatamodel */,
			);
			currentVersion = 7762CB9628DC8EC100FE9433 /* NASA_APOD.xcdatamodel */;
			path = NASA_APOD.xcdatamodeld;
			sourceTree = "<group>";
			versionGroupType = wrapper.xcdatamodel;
		};
/* End XCVersionGroup section */
	};
	rootObject = 7762CB6E28DC5A1700FE9433 /* Project object */;
}
